// !$*UTF8*$!
{
	archiveVersion = 1;
	classes = {
	};
	objectVersion = 46;
	objects = {

/* Begin PBXBuildFile section */
		FA40A98418F9ED2E00B720BF /* ANWaveAdder.m in Sources */ = {isa = PBXBuildFile; fileRef = FA40A98318F9ED2E00B720BF /* ANWaveAdder.m */; };
		FAD0ADC218F99337007FBC25 /* Cocoa.framework in Frameworks */ = {isa = PBXBuildFile; fileRef = FAD0ADC118F99337007FBC25 /* Cocoa.framework */; };
		FAD0ADCC18F99337007FBC25 /* InfoPlist.strings in Resources */ = {isa = PBXBuildFile; fileRef = FAD0ADCA18F99337007FBC25 /* InfoPlist.strings */; };
		FAD0ADCE18F99337007FBC25 /* main.m in Sources */ = {isa = PBXBuildFile; fileRef = FAD0ADCD18F99337007FBC25 /* main.m */; };
		FAD0ADD218F99337007FBC25 /* Credits.rtf in Resources */ = {isa = PBXBuildFile; fileRef = FAD0ADD018F99337007FBC25 /* Credits.rtf */; };
		FAD0ADD518F99337007FBC25 /* ANAppDelegate.m in Sources */ = {isa = PBXBuildFile; fileRef = FAD0ADD418F99337007FBC25 /* ANAppDelegate.m */; };
		FAD0ADD818F99337007FBC25 /* MainMenu.xib in Resources */ = {isa = PBXBuildFile; fileRef = FAD0ADD618F99337007FBC25 /* MainMenu.xib */; };
		FAD0ADDA18F99337007FBC25 /* Images.xcassets in Resources */ = {isa = PBXBuildFile; fileRef = FAD0ADD918F99337007FBC25 /* Images.xcassets */; };
		FAD0ADF818F993AF007FBC25 /* ANSoundWaveEmitter.m in Sources */ = {isa = PBXBuildFile; fileRef = FAD0ADF718F993AF007FBC25 /* ANSoundWaveEmitter.m */; };
		FAD0ADFA18F993CD007FBC25 /* AudioToolbox.framework in Frameworks */ = {isa = PBXBuildFile; fileRef = FAD0ADF918F993CD007FBC25 /* AudioToolbox.framework */; };
		FAD0ADFD18F998F6007FBC25 /* ANSineGenerator.m in Sources */ = {isa = PBXBuildFile; fileRef = FAD0ADFC18F998F6007FBC25 /* ANSineGenerator.m */; };
		FAD0ADFF18F9A028007FBC25 /* Accelerate.framework in Frameworks */ = {isa = PBXBuildFile; fileRef = FAD0ADFE18F9A028007FBC25 /* Accelerate.framework */; };
/* End PBXBuildFile section */

/* Begin PBXFileReference section */
		FA40A98118F9ECF400B720BF /* ANWaveGenerator.h */ = {isa = PBXFileReference; lastKnownFileType = sourcecode.c.h; path = ANWaveGenerator.h; sourceTree = "<group>"; };
		FA40A98218F9ED2E00B720BF /* ANWaveAdder.h */ = {isa = PBXFileReference; fileEncoding = 4; lastKnownFileType = sourcecode.c.h; path = ANWaveAdder.h; sourceTree = "<group>"; };
		FA40A98318F9ED2E00B720BF /* ANWaveAdder.m */ = {isa = PBXFileReference; fileEncoding = 4; lastKnownFileType = sourcecode.c.objc; path = ANWaveAdder.m; sourceTree = "<group>"; };
		FAD0ADBE18F99337007FBC25 /* ComputerTalk.app */ = {isa = PBXFileReference; explicitFileType = wrapper.application; includeInIndex = 0; path = ComputerTalk.app; sourceTree = BUILT_PRODUCTS_DIR; };
		FAD0ADC118F99337007FBC25 /* Cocoa.framework */ = {isa = PBXFileReference; lastKnownFileType = wrapper.framework; name = Cocoa.framework; path = System/Library/Frameworks/Cocoa.framework; sourceTree = SDKROOT; };
		FAD0ADC418F99337007FBC25 /* AppKit.framework */ = {isa = PBXFileReference; lastKnownFileType = wrapper.framework; name = AppKit.framework; path = System/Library/Frameworks/AppKit.framework; sourceTree = SDKROOT; };
		FAD0ADC518F99337007FBC25 /* CoreData.framework */ = {isa = PBXFileReference; lastKnownFileType = wrapper.framework; name = CoreData.framework; path = System/Library/Frameworks/CoreData.framework; sourceTree = SDKROOT; };
		FAD0ADC618F99337007FBC25 /* Foundation.framework */ = {isa = PBXFileReference; lastKnownFileType = wrapper.framework; name = Foundation.framework; path = System/Library/Frameworks/Foundation.framework; sourceTree = SDKROOT; };
		FAD0ADC918F99337007FBC25 /* ComputerTalk-Info.plist */ = {isa = PBXFileReference; lastKnownFileType = text.plist.xml; path = "ComputerTalk-Info.plist"; sourceTree = "<group>"; };
		FAD0ADCB18F99337007FBC25 /* en */ = {isa = PBXFileReference; lastKnownFileType = text.plist.strings; name = en; path = en.lproj/InfoPlist.strings; sourceTree = "<group>"; };
		FAD0ADCD18F99337007FBC25 /* main.m */ = {isa = PBXFileReference; lastKnownFileType = sourcecode.c.objc; path = main.m; sourceTree = "<group>"; };
		FAD0ADCF18F99337007FBC25 /* ComputerTalk-Prefix.pch */ = {isa = PBXFileReference; lastKnownFileType = sourcecode.c.h; path = "ComputerTalk-Prefix.pch"; sourceTree = "<group>"; };
		FAD0ADD118F99337007FBC25 /* en */ = {isa = PBXFileReference; lastKnownFileType = text.rtf; name = en; path = en.lproj/Credits.rtf; sourceTree = "<group>"; };
		FAD0ADD318F99337007FBC25 /* ANAppDelegate.h */ = {isa = PBXFileReference; lastKnownFileType = sourcecode.c.h; path = ANAppDelegate.h; sourceTree = "<group>"; };
		FAD0ADD418F99337007FBC25 /* ANAppDelegate.m */ = {isa = PBXFileReference; lastKnownFileType = sourcecode.c.objc; path = ANAppDelegate.m; sourceTree = "<group>"; };
		FAD0ADD718F99337007FBC25 /* Base */ = {isa = PBXFileReference; lastKnownFileType = file.xib; name = Base; path = Base.lproj/MainMenu.xib; sourceTree = "<group>"; };
		FAD0ADD918F99337007FBC25 /* Images.xcassets */ = {isa = PBXFileReference; lastKnownFileType = folder.assetcatalog; path = Images.xcassets; sourceTree = "<group>"; };
		FAD0ADE018F99337007FBC25 /* XCTest.framework */ = {isa = PBXFileReference; lastKnownFileType = wrapper.framework; name = XCTest.framework; path = Library/Frameworks/XCTest.framework; sourceTree = DEVELOPER_DIR; };
		FAD0ADF618F993AF007FBC25 /* ANSoundWaveEmitter.h */ = {isa = PBXFileReference; fileEncoding = 4; lastKnownFileType = sourcecode.c.h; path = ANSoundWaveEmitter.h; sourceTree = "<group>"; };
		FAD0ADF718F993AF007FBC25 /* ANSoundWaveEmitter.m */ = {isa = PBXFileReference; fileEncoding = 4; lastKnownFileType = sourcecode.c.objc; path = ANSoundWaveEmitter.m; sourceTree = "<group>"; };
		FAD0ADF918F993CD007FBC25 /* AudioToolbox.framework */ = {isa = PBXFileReference; lastKnownFileType = wrapper.framework; name = AudioToolbox.framework; path = System/Library/Frameworks/AudioToolbox.framework; sourceTree = SDKROOT; };
		FAD0ADFB18F998F6007FBC25 /* ANSineGenerator.h */ = {isa = PBXFileReference; fileEncoding = 4; lastKnownFileType = sourcecode.c.h; path = ANSineGenerator.h; sourceTree = "<group>"; };
		FAD0ADFC18F998F6007FBC25 /* ANSineGenerator.m */ = {isa = PBXFileReference; fileEncoding = 4; lastKnownFileType = sourcecode.c.objc; path = ANSineGenerator.m; sourceTree = "<group>"; };
		FAD0ADFE18F9A028007FBC25 /* Accelerate.framework */ = {isa = PBXFileReference; lastKnownFileType = wrapper.framework; name = Accelerate.framework; path = System/Library/Frameworks/Accelerate.framework; sourceTree = SDKROOT; };
/* End PBXFileReference section */

/* Begin PBXFrameworksBuildPhase section */
		FAD0ADBB18F99337007FBC25 /* Frameworks */ = {
			isa = PBXFrameworksBuildPhase;
			buildActionMask = 2147483647;
			files = (
				FAD0ADFF18F9A028007FBC25 /* Accelerate.framework in Frameworks */,
				FAD0ADFA18F993CD007FBC25 /* AudioToolbox.framework in Frameworks */,
				FAD0ADC218F99337007FBC25 /* Cocoa.framework in Frameworks */,
			);
			runOnlyForDeploymentPostprocessing = 0;
		};
/* End PBXFrameworksBuildPhase section */

/* Begin PBXGroup section */
		FAD0ADB518F99336007FBC25 = {
			isa = PBXGroup;
			children = (
				FAD0ADF518F99357007FBC25 /* ANSoundWaveEmitter */,
				FAD0ADC718F99337007FBC25 /* ComputerTalk */,
				FAD0ADC018F99337007FBC25 /* Frameworks */,
				FAD0ADBF18F99337007FBC25 /* Products */,
			);
			sourceTree = "<group>";
		};
		FAD0ADBF18F99337007FBC25 /* Products */ = {
			isa = PBXGroup;
			children = (
				FAD0ADBE18F99337007FBC25 /* ComputerTalk.app */,
			);
			name = Products;
			sourceTree = "<group>";
		};
		FAD0ADC018F99337007FBC25 /* Frameworks */ = {
			isa = PBXGroup;
			children = (
				FAD0ADFE18F9A028007FBC25 /* Accelerate.framework */,
				FAD0ADF918F993CD007FBC25 /* AudioToolbox.framework */,
				FAD0ADC118F99337007FBC25 /* Cocoa.framework */,
				FAD0ADE018F99337007FBC25 /* XCTest.framework */,
				FAD0ADC318F99337007FBC25 /* Other Frameworks */,
			);
			name = Frameworks;
			sourceTree = "<group>";
		};
		FAD0ADC318F99337007FBC25 /* Other Frameworks */ = {
			isa = PBXGroup;
			children = (
				FAD0ADC418F99337007FBC25 /* AppKit.framework */,
				FAD0ADC518F99337007FBC25 /* CoreData.framework */,
				FAD0ADC618F99337007FBC25 /* Foundation.framework */,
			);
			name = "Other Frameworks";
			sourceTree = "<group>";
		};
		FAD0ADC718F99337007FBC25 /* ComputerTalk */ = {
			isa = PBXGroup;
			children = (
				FAD0ADD318F99337007FBC25 /* ANAppDelegate.h */,
				FAD0ADD418F99337007FBC25 /* ANAppDelegate.m */,
				FAD0ADD618F99337007FBC25 /* MainMenu.xib */,
				FAD0ADD918F99337007FBC25 /* Images.xcassets */,
				FAD0ADC818F99337007FBC25 /* Supporting Files */,
			);
			path = ComputerTalk;
			sourceTree = "<group>";
		};
		FAD0ADC818F99337007FBC25 /* Supporting Files */ = {
			isa = PBXGroup;
			children = (
				FAD0ADC918F99337007FBC25 /* ComputerTalk-Info.plist */,
				FAD0ADCA18F99337007FBC25 /* InfoPlist.strings */,
				FAD0ADCD18F99337007FBC25 /* main.m */,
				FAD0ADCF18F99337007FBC25 /* ComputerTalk-Prefix.pch */,
				FAD0ADD018F99337007FBC25 /* Credits.rtf */,
			);
			name = "Supporting Files";
			sourceTree = "<group>";
		};
		FAD0ADF518F99357007FBC25 /* ANSoundWaveEmitter */ = {
			isa = PBXGroup;
			children = (
				FAD0ADF618F993AF007FBC25 /* ANSoundWaveEmitter.h */,
				FAD0ADF718F993AF007FBC25 /* ANSoundWaveEmitter.m */,
				FA40A98218F9ED2E00B720BF /* ANWaveAdder.h */,
				FA40A98318F9ED2E00B720BF /* ANWaveAdder.m */,
				FAD0ADFB18F998F6007FBC25 /* ANSineGenerator.h */,
				FAD0ADFC18F998F6007FBC25 /* ANSineGenerator.m */,
				FA40A98118F9ECF400B720BF /* ANWaveGenerator.h */,
			);
			path = ANSoundWaveEmitter;
			sourceTree = "<group>";
		};
/* End PBXGroup section */

/* Begin PBXNativeTarget section */
		FAD0ADBD18F99337007FBC25 /* ComputerTalk */ = {
			isa = PBXNativeTarget;
			buildConfigurationList = FAD0ADEF18F99337007FBC25 /* Build configuration list for PBXNativeTarget "ComputerTalk" */;
			buildPhases = (
				FAD0ADBA18F99337007FBC25 /* Sources */,
				FAD0ADBB18F99337007FBC25 /* Frameworks */,
				FAD0ADBC18F99337007FBC25 /* Resources */,
			);
			buildRules = (
			);
			dependencies = (
			);
			name = ComputerTalk;
			productName = ComputerTalk;
			productReference = FAD0ADBE18F99337007FBC25 /* ComputerTalk.app */;
			productType = "com.apple.product-type.application";
		};
/* End PBXNativeTarget section */

/* Begin PBXProject section */
		FAD0ADB618F99336007FBC25 /* Project object */ = {
			isa = PBXProject;
			attributes = {
				CLASSPREFIX = AN;
				LastUpgradeCheck = 0500;
				ORGANIZATIONNAME = "Alex Nichol";
			};
			buildConfigurationList = FAD0ADB918F99336007FBC25 /* Build configuration list for PBXProject "ComputerTalk" */;
			compatibilityVersion = "Xcode 3.2";
			developmentRegion = English;
			hasScannedForEncodings = 0;
			knownRegions = (
				en,
				Base,
			);
			mainGroup = FAD0ADB518F99336007FBC25;
			productRefGroup = FAD0ADBF18F99337007FBC25 /* Products */;
			projectDirPath = "";
			projectRoot = "";
			targets = (
				FAD0ADBD18F99337007FBC25 /* ComputerTalk */,
			);
		};
/* End PBXProject section */

/* Begin PBXResourcesBuildPhase section */
		FAD0ADBC18F99337007FBC25 /* Resources */ = {
			isa = PBXResourcesBuildPhase;
			buildActionMask = 2147483647;
			files = (
				FAD0ADCC18F99337007FBC25 /* InfoPlist.strings in Resources */,
				FAD0ADDA18F99337007FBC25 /* Images.xcassets in Resources */,
				FAD0ADD218F99337007FBC25 /* Credits.rtf in Resources */,
				FAD0ADD818F99337007FBC25 /* MainMenu.xib in Resources */,
			);
			runOnlyForDeploymentPostprocessing = 0;
		};
/* End PBXResourcesBuildPhase section */

/* Begin PBXSourcesBuildPhase section */
		FAD0ADBA18F99337007FBC25 /* Sources */ = {
			isa = PBXSourcesBuildPhase;
			buildActionMask = 2147483647;
			files = (
				FAD0ADCE18F99337007FBC25 /* main.m in Sources */,
				FA40A98418F9ED2E00B720BF /* ANWaveAdder.m in Sources */,
				FAD0ADFD18F998F6007FBC25 /* ANSineGenerator.m in Sources */,
				FAD0ADF818F993AF007FBC25 /* ANSoundWaveEmitter.m in Sources */,
				FAD0ADD518F99337007FBC25 /* ANAppDelegate.m in Sources */,
			);
			runOnlyForDeploymentPostprocessing = 0;
		};
/* End PBXSourcesBuildPhase section */

/* Begin PBXVariantGroup section */
		FAD0ADCA18F99337007FBC25 /* InfoPlist.strings */ = {
			isa = PBXVariantGroup;
			children = (
				FAD0ADCB18F99337007FBC25 /* en */,
			);
			name = InfoPlist.strings;
			sourceTree = "<group>";
		};
		FAD0ADD018F99337007FBC25 /* Credits.rtf */ = {
			isa = PBXVariantGroup;
			children = (
				FAD0ADD118F99337007FBC25 /* en */,
			);
			name = Credits.rtf;
			sourceTree = "<group>";
		};
		FAD0ADD618F99337007FBC25 /* MainMenu.xib */ = {
			isa = PBXVariantGroup;
			children = (
				FAD0ADD718F99337007FBC25 /* Base */,
			);
			name = MainMenu.xib;
			sourceTree = "<group>";
		};
/* End PBXVariantGroup section */

/* Begin XCBuildConfiguration section */
		FAD0ADED18F99337007FBC25 /* Debug */ = {
			isa = XCBuildConfiguration;
			buildSettings = {
				ALWAYS_SEARCH_USER_PATHS = NO;
				CLANG_CXX_LANGUAGE_STANDARD = "gnu++0x";
				CLANG_CXX_LIBRARY = "libc++";
				CLANG_ENABLE_OBJC_ARC = YES;
				CLANG_WARN_BOOL_CONVERSION = YES;
				CLANG_WARN_CONSTANT_CONVERSION = YES;
				CLANG_WARN_DIRECT_OBJC_ISA_USAGE = YES_ERROR;
				CLANG_WARN_EMPTY_BODY = YES;
				CLANG_WARN_ENUM_CONVERSION = YES;
				CLANG_WARN_INT_CONVERSION = YES;
				CLANG_WARN_OBJC_ROOT_CLASS = YES_ERROR;
				CLANG_WARN__DUPLICATE_METHOD_MATCH = YES;
				COPY_PHASE_STRIP = NO;
				GCC_C_LANGUAGE_STANDARD = gnu99;
				GCC_DYNAMIC_NO_PIC = NO;
				GCC_ENABLE_OBJC_EXCEPTIONS = YES;
				GCC_OPTIMIZATION_LEVEL = 0;
				GCC_PREPROCESSOR_DEFINITIONS = (
					"DEBUG=1",
					"$(inherited)",
				);
				GCC_SYMBOLS_PRIVATE_EXTERN = NO;
				GCC_WARN_64_TO_32_BIT_CONVERSION = YES;
				GCC_WARN_ABOUT_RETURN_TYPE = YES_ERROR;
				GCC_WARN_UNDECLARED_SELECTOR = YES;
				GCC_WARN_UNINITIALIZED_AUTOS = YES;
				GCC_WARN_UNUSED_FUNCTION = YES;
				GCC_WARN_UNUSED_VARIABLE = YES;
				MACOSX_DEPLOYMENT_TARGET = 10.9;
				ONLY_ACTIVE_ARCH = YES;
				SDKROOT = macosx;
			};
			name = Debug;
		};
		FAD0ADEE18F99337007FBC25 /* Release */ = {
			isa = XCBuildConfiguration;
			buildSettings = {
				ALWAYS_SEARCH_USER_PATHS = NO;
				CLANG_CXX_LANGUAGE_STANDARD = "gnu++0x";
				CLANG_CXX_LIBRARY = "libc++";
				CLANG_ENABLE_OBJC_ARC = YES;
				CLANG_WARN_BOOL_CONVERSION = YES;
				CLANG_WARN_CONSTANT_CONVERSION = YES;
				CLANG_WARN_DIRECT_OBJC_ISA_USAGE = YES_ERROR;
				CLANG_WARN_EMPTY_BODY = YES;
				CLANG_WARN_ENUM_CONVERSION = YES;
				CLANG_WARN_INT_CONVERSION = YES;
				CLANG_WARN_OBJC_ROOT_CLASS = YES_ERROR;
				CLANG_WARN__DUPLICATE_METHOD_MATCH = YES;
				COPY_PHASE_STRIP = YES;
				DEBUG_INFORMATION_FORMAT = "dwarf-with-dsym";
				ENABLE_NS_ASSERTIONS = NO;
				GCC_C_LANGUAGE_STANDARD = gnu99;
				GCC_ENABLE_OBJC_EXCEPTIONS = YES;
				GCC_WARN_64_TO_32_BIT_CONVERSION = YES;
				GCC_WARN_ABOUT_RETURN_TYPE = YES_ERROR;
				GCC_WARN_UNDECLARED_SELECTOR = YES;
				GCC_WARN_UNINITIALIZED_AUTOS = YES;
				GCC_WARN_UNUSED_FUNCTION = YES;
				GCC_WARN_UNUSED_VARIABLE = YES;
				MACOSX_DEPLOYMENT_TARGET = 10.9;
				SDKROOT = macosx;
			};
			name = Release;
		};
		FAD0ADF018F99337007FBC25 /* Debug */ = {
			isa = XCBuildConfiguration;
			buildSettings = {
				ASSETCATALOG_COMPILER_APPICON_NAME = AppIcon;
				COMBINE_HIDPI_IMAGES = YES;
				GCC_PRECOMPILE_PREFIX_HEADER = YES;
				GCC_PREFIX_HEADER = "ComputerTalk/ComputerTalk-Prefix.pch";
				INFOPLIST_FILE = "ComputerTalk/ComputerTalk-Info.plist";
				PRODUCT_NAME = "$(TARGET_NAME)";
				WRAPPER_EXTENSION = app;
			};
			name = Debug;
		};
		FAD0ADF118F99337007FBC25 /* Release */ = {
			isa = XCBuildConfiguration;
			buildSettings = {
				ASSETCATALOG_COMPILER_APPICON_NAME = AppIcon;
				COMBINE_HIDPI_IMAGES = YES;
				GCC_PRECOMPILE_PREFIX_HEADER = YES;
				GCC_PREFIX_HEADER = "ComputerTalk/ComputerTalk-Prefix.pch";
				INFOPLIST_FILE = "ComputerTalk/ComputerTalk-Info.plist";
				PRODUCT_NAME = "$(TARGET_NAME)";
				WRAPPER_EXTENSION = app;
			};
			name = Release;
		};
/* End XCBuildConfiguration section */

/* Begin XCConfigurationList section */
		FAD0ADB918F99336007FBC25 /* Build configuration list for PBXProject "ComputerTalk" */ = {
			isa = XCConfigurationList;
			buildConfigurations = (
				FAD0ADED18F99337007FBC25 /* Debug */,
				FAD0ADEE18F99337007FBC25 /* Release */,
			);
			defaultConfigurationIsVisible = 0;
			defaultConfigurationName = Release;
		};
		FAD0ADEF18F99337007FBC25 /* Build configuration list for PBXNativeTarget "ComputerTalk" */ = {
			isa = XCConfigurationList;
			buildConfigurations = (
				FAD0ADF018F99337007FBC25 /* Debug */,
				FAD0ADF118F99337007FBC25 /* Release */,
			);
			defaultConfigurationIsVisible = 0;
			defaultConfigurationName = Release;
		};
/* End XCConfigurationList section */
	};
	rootObject = FAD0ADB618F99336007FBC25 /* Project object */;
}
